{
  "name": "pub",
  "lockfileVersion": 2,
  "requires": true,
  "packages": {
    "": {
      "license": "TBD",
      "dependencies": {
        "glo-astn-handlers": "^0.10.0",
        "glo-astn-schema": "^0.10.0",
        "glo-astn-typedhandlers": "^0.13.0",
        "pareto-core-async": "^0.7.0",
        "pareto-core-data": "^0.2.4",
        "pareto-core-dev": "^0.2.4",
        "pareto-core-lib": "^0.21.6",
        "pareto-core-map": "^0.2.2",
        "pareto-core-state": "^0.15.4",
        "res-pareto-string": "^0.22.0",
        "res-pareto-tostring": "^0.32.0"
      }
    },
    "node_modules/glo-astn-handlers": {
      "version": "0.10.0",
      "resolved": "https://registry.npmjs.org/glo-astn-handlers/-/glo-astn-handlers-0.10.0.tgz",
      "integrity": "sha512-+gb9YsExAEuOKc9iLpaN6cgqykSpsOQx2xcVBYmnzIRUxtUEbajec6pAkg/9RFMIGWeoPuD6pbNmwtWd6m7tkA==",
      "dependencies": {
        "pareto-core-types": "^0.12.0"
      }
    },
    "node_modules/glo-astn-schema": {
      "version": "0.10.0",
      "resolved": "https://registry.npmjs.org/glo-astn-schema/-/glo-astn-schema-0.10.0.tgz",
      "integrity": "sha512-RJEcwAyoyzt71hn57ZpTAX4ccuQUaMe6vn6CmF8ytPBcKPkJKUKATSBynQAkGpSMSN9upHyb247S7/e5/1cnxw==",
      "dependencies": {
        "glo-pareto-common": "^0.27.0",
        "pareto-core-types": "^0.12.0"
      }
    },
    "node_modules/glo-astn-tokenconsumer": {
      "version": "0.11.0",
      "resolved": "https://registry.npmjs.org/glo-astn-tokenconsumer/-/glo-astn-tokenconsumer-0.11.0.tgz",
      "integrity": "sha512-wChr+nnHo/xkWRJyViWt1QCw0qLQXJJnnz2MSVP8C/HCeO7XBqLvzr3jeh2E/ONffEZnL1FAFgspFyClte51dQ==",
      "dependencies": {
        "pareto-core-types": "^0.12.0"
      }
    },
    "node_modules/glo-astn-typedhandlers": {
      "version": "0.13.0",
      "resolved": "https://registry.npmjs.org/glo-astn-typedhandlers/-/glo-astn-typedhandlers-0.13.0.tgz",
      "integrity": "sha512-NH496Jj9PeKPW/6zmWAG+rgrbhyvueDHPMfUZm60IjgB1NvAM+V+CdqSixI9e3AXRvpU7D221XX2yp9zwTIUtg==",
      "dependencies": {
        "glo-astn-handlers": "^0.10.0",
        "glo-astn-schema": "^0.10.0",
        "glo-astn-tokenconsumer": "^0.11.0",
        "glo-pareto-common": "^0.27.0",
        "pareto-core-types": "^0.12.0"
      }
    },
    "node_modules/glo-pareto-common": {
      "version": "0.27.0",
      "resolved": "https://registry.npmjs.org/glo-pareto-common/-/glo-pareto-common-0.27.0.tgz",
      "integrity": "sha512-8kgjGQiZGEuiifTLMol/IRc5ZZWg79bURzVvbQ7FcpPcEIGdDmgR/+T0VMZIH7sBdLX/NTtJJIfilKIMPXOewA==",
      "dependencies": {
        "pareto-core-types": "^0.12.0"
      }
    },
    "node_modules/pareto-core-async": {
      "version": "0.7.0",
      "resolved": "https://registry.npmjs.org/pareto-core-async/-/pareto-core-async-0.7.0.tgz",
      "integrity": "sha512-9vAAlsbSwNbH47j7bQER0Nys5mKtNEDuRplWcvq9hphzazSE2JVtQLBBKXzNAoQtbJfV97+49xeZscl85UApiQ==",
      "dependencies": {
        "pareto-core-internals": "^0.13.0"
      }
    },
    "node_modules/pareto-core-data": {
      "version": "0.2.4",
      "resolved": "https://registry.npmjs.org/pareto-core-data/-/pareto-core-data-0.2.4.tgz",
      "integrity": "sha512-c8gjtIT3TXMMO1aQIpyUdElJ/eZvoEQEm/wXmHhQjEtGYjDEcqv4hZ6owHznQzxjtOHvrMKGO7W6/9TZADP5ow==",
      "dependencies": {
        "pareto-core-internals": "^0.13.0"
      }
    },
    "node_modules/pareto-core-dev": {
      "version": "0.2.4",
      "resolved": "https://registry.npmjs.org/pareto-core-dev/-/pareto-core-dev-0.2.4.tgz",
      "integrity": "sha512-eqmB7DOy6YIY+hrRp+E+kHLXV7qTLI3Dt/rNMiKH8cXe+lZOgBMM5YQZNfnDI9JjQ7clfoDAn30LWer5JKXy/A==",
      "dependencies": {
        "pareto-core-internals": "^0.13.0"
      }
    },
    "node_modules/pareto-core-internals": {
      "version": "0.13.6",
      "resolved": "https://registry.npmjs.org/pareto-core-internals/-/pareto-core-internals-0.13.6.tgz",
      "integrity": "sha512-in8KSICT0lzVemRMqvh+3niK43ta1jcyttoa5sSiwwuYWyXTRKvsiuxIvsDwP6RNJZICx2b78AjsOEAhWlM8rA==",
      "dependencies": {
        "pareto-core-types": "^0.12.0"
      }
    },
    "node_modules/pareto-core-lib": {
      "version": "0.21.6",
      "resolved": "https://registry.npmjs.org/pareto-core-lib/-/pareto-core-lib-0.21.6.tgz",
      "integrity": "sha512-oaHEFQHcjV5ngCyYg2JcEafvP7IWtqZwexXypMSqDACT69Gl1dkG7hZvBN1LcKgpSDtP5EIjCkN3sSH9g6YPrQ==",
      "dependencies": {
        "pareto-core-internals": "^0.13.6"
      }
    },
    "node_modules/pareto-core-map": {
      "version": "0.2.2",
      "resolved": "https://registry.npmjs.org/pareto-core-map/-/pareto-core-map-0.2.2.tgz",
      "integrity": "sha512-opo6+vm0DGRSw9LG6jEEv47aOYW5dWKdRycacP2ZwaFOri7z1INULNFLAIo3eH7xcgMZBjxsR8jYFmc50HqCWg==",
      "dependencies": {
        "pareto-core-internals": "^0.13.0"
      }
    },
    "node_modules/pareto-core-state": {
      "version": "0.15.4",
      "resolved": "https://registry.npmjs.org/pareto-core-state/-/pareto-core-state-0.15.4.tgz",
      "integrity": "sha512-4u5Wi6iQG8CYhwHxTmLMEJ/SyK4+7ndSO2SDm+9VBv9w2i4v9Mbo4yPDmR56J0b13mmXEuVUdGqUBdc3iDKDPg==",
      "dependencies": {
        "pareto-core-internals": "^0.13.0"
      }
    },
    "node_modules/pareto-core-types": {
      "version": "0.12.0",
      "resolved": "https://registry.npmjs.org/pareto-core-types/-/pareto-core-types-0.12.0.tgz",
      "integrity": "sha512-cxQ3sI0kJby0o1xM6C6lMl2VFrK1cTTjMF3sSEKW9i3S1xJEnmXybh1oE4+tdIsQmQysDAGOZ0Awi/gzzjnJHw=="
    },
    "node_modules/res-pareto-string": {
      "version": "0.22.0",
      "resolved": "https://registry.npmjs.org/res-pareto-string/-/res-pareto-string-0.22.0.tgz",
      "integrity": "sha512-d5o9tv0uIq/qOkA38ld1FAqSUgYvQ+GA0X+Z2JsuhGphn4RF3oOQcPtQU5I8vOhirQbKoHK4/1efqDmG+dNjtA==",
      "dependencies": {
        "glo-pareto-common": "^0.28.0",
        "pareto-core-internals": "^0.13.4"
      }
    },
    "node_modules/res-pareto-string/node_modules/glo-pareto-common": {
      "version": "0.28.0",
      "resolved": "https://registry.npmjs.org/glo-pareto-common/-/glo-pareto-common-0.28.0.tgz",
      "integrity": "sha512-OzcqY1vx65Pg7WnUQmQQsCk0ncoa/3YSVlL8cxT+pQR0weBYUixTWvU/npGI3nIehX0oYA41xw7mzkcSKqH/Vw==",
      "dependencies": {
        "pareto-core-types": "^0.12.0"
      }
    },
    "node_modules/res-pareto-tostring": {
      "version": "0.32.0",
      "resolved": "https://registry.npmjs.org/res-pareto-tostring/-/res-pareto-tostring-0.32.0.tgz",
      "integrity": "sha512-8IXa4zqPF5NatdINM4LbtEhPTuGtybZl8YtQDw4NsnuGPjPh7k4Ovp90/0CaNR6ZP7snOJumZ6hXmNMUNTN5Uw==",
      "dependencies": {
        "glo-pareto-common": "^0.27.0",
        "pareto-core-internals": "^0.13.3"
      }
    }
  },
  "dependencies": {
    "glo-astn-handlers": {
      "version": "0.10.0",
      "resolved": "https://registry.npmjs.org/glo-astn-handlers/-/glo-astn-handlers-0.10.0.tgz",
      "integrity": "sha512-+gb9YsExAEuOKc9iLpaN6cgqykSpsOQx2xcVBYmnzIRUxtUEbajec6pAkg/9RFMIGWeoPuD6pbNmwtWd6m7tkA==",
      "requires": {
        "pareto-core-types": "^0.12.0"
      }
    },
    "glo-astn-schema": {
      "version": "0.10.0",
      "resolved": "https://registry.npmjs.org/glo-astn-schema/-/glo-astn-schema-0.10.0.tgz",
      "integrity": "sha512-RJEcwAyoyzt71hn57ZpTAX4ccuQUaMe6vn6CmF8ytPBcKPkJKUKATSBynQAkGpSMSN9upHyb247S7/e5/1cnxw==",
      "requires": {
        "glo-pareto-common": "^0.27.0",
        "pareto-core-types": "^0.12.0"
      }
    },
    "glo-astn-tokenconsumer": {
      "version": "0.11.0",
      "resolved": "https://registry.npmjs.org/glo-astn-tokenconsumer/-/glo-astn-tokenconsumer-0.11.0.tgz",
      "integrity": "sha512-wChr+nnHo/xkWRJyViWt1QCw0qLQXJJnnz2MSVP8C/HCeO7XBqLvzr3jeh2E/ONffEZnL1FAFgspFyClte51dQ==",
      "requires": {
        "pareto-core-types": "^0.12.0"
      }
    },
    "glo-astn-typedhandlers": {
      "version": "0.13.0",
      "resolved": "https://registry.npmjs.org/glo-astn-typedhandlers/-/glo-astn-typedhandlers-0.13.0.tgz",
      "integrity": "sha512-NH496Jj9PeKPW/6zmWAG+rgrbhyvueDHPMfUZm60IjgB1NvAM+V+CdqSixI9e3AXRvpU7D221XX2yp9zwTIUtg==",
      "requires": {
        "glo-astn-handlers": "^0.10.0",
        "glo-astn-schema": "^0.10.0",
        "glo-astn-tokenconsumer": "^0.11.0",
        "glo-pareto-common": "^0.27.0",
        "pareto-core-types": "^0.12.0"
      }
    },
    "glo-pareto-common": {
      "version": "0.27.0",
      "resolved": "https://registry.npmjs.org/glo-pareto-common/-/glo-pareto-common-0.27.0.tgz",
      "integrity": "sha512-8kgjGQiZGEuiifTLMol/IRc5ZZWg79bURzVvbQ7FcpPcEIGdDmgR/+T0VMZIH7sBdLX/NTtJJIfilKIMPXOewA==",
      "requires": {
        "pareto-core-types": "^0.12.0"
      }
    },
    "pareto-core-async": {
      "version": "0.7.0",
      "resolved": "https://registry.npmjs.org/pareto-core-async/-/pareto-core-async-0.7.0.tgz",
      "integrity": "sha512-9vAAlsbSwNbH47j7bQER0Nys5mKtNEDuRplWcvq9hphzazSE2JVtQLBBKXzNAoQtbJfV97+49xeZscl85UApiQ==",
      "requires": {
        "pareto-core-internals": "^0.13.0"
      }
    },
    "pareto-core-data": {
      "version": "0.2.4",
      "resolved": "https://registry.npmjs.org/pareto-core-data/-/pareto-core-data-0.2.4.tgz",
      "integrity": "sha512-c8gjtIT3TXMMO1aQIpyUdElJ/eZvoEQEm/wXmHhQjEtGYjDEcqv4hZ6owHznQzxjtOHvrMKGO7W6/9TZADP5ow==",
      "requires": {
        "pareto-core-internals": "^0.13.0"
      }
    },
    "pareto-core-dev": {
      "version": "0.2.4",
      "resolved": "https://registry.npmjs.org/pareto-core-dev/-/pareto-core-dev-0.2.4.tgz",
      "integrity": "sha512-eqmB7DOy6YIY+hrRp+E+kHLXV7qTLI3Dt/rNMiKH8cXe+lZOgBMM5YQZNfnDI9JjQ7clfoDAn30LWer5JKXy/A==",
      "requires": {
        "pareto-core-internals": "^0.13.0"
      }
    },
    "pareto-core-internals": {
      "version": "0.13.6",
      "resolved": "https://registry.npmjs.org/pareto-core-internals/-/pareto-core-internals-0.13.6.tgz",
      "integrity": "sha512-in8KSICT0lzVemRMqvh+3niK43ta1jcyttoa5sSiwwuYWyXTRKvsiuxIvsDwP6RNJZICx2b78AjsOEAhWlM8rA==",
      "requires": {
        "pareto-core-types": "^0.12.0"
      }
    },
    "pareto-core-lib": {
      "version": "0.21.6",
      "resolved": "https://registry.npmjs.org/pareto-core-lib/-/pareto-core-lib-0.21.6.tgz",
      "integrity": "sha512-oaHEFQHcjV5ngCyYg2JcEafvP7IWtqZwexXypMSqDACT69Gl1dkG7hZvBN1LcKgpSDtP5EIjCkN3sSH9g6YPrQ==",
      "requires": {
        "pareto-core-internals": "^0.13.6"
      }
    },
    "pareto-core-map": {
      "version": "0.2.2",
      "resolved": "https://registry.npmjs.org/pareto-core-map/-/pareto-core-map-0.2.2.tgz",
      "integrity": "sha512-opo6+vm0DGRSw9LG6jEEv47aOYW5dWKdRycacP2ZwaFOri7z1INULNFLAIo3eH7xcgMZBjxsR8jYFmc50HqCWg==",
      "requires": {
        "pareto-core-internals": "^0.13.0"
      }
    },
    "pareto-core-state": {
      "version": "0.15.4",
      "resolved": "https://registry.npmjs.org/pareto-core-state/-/pareto-core-state-0.15.4.tgz",
      "integrity": "sha512-4u5Wi6iQG8CYhwHxTmLMEJ/SyK4+7ndSO2SDm+9VBv9w2i4v9Mbo4yPDmR56J0b13mmXEuVUdGqUBdc3iDKDPg==",
      "requires": {
        "pareto-core-internals": "^0.13.0"
      }
    },
    "pareto-core-types": {
      "version": "0.12.0",
      "resolved": "https://registry.npmjs.org/pareto-core-types/-/pareto-core-types-0.12.0.tgz",
      "integrity": "sha512-cxQ3sI0kJby0o1xM6C6lMl2VFrK1cTTjMF3sSEKW9i3S1xJEnmXybh1oE4+tdIsQmQysDAGOZ0Awi/gzzjnJHw=="
    },
    "res-pareto-string": {
      "version": "0.22.0",
      "resolved": "https://registry.npmjs.org/res-pareto-string/-/res-pareto-string-0.22.0.tgz",
      "integrity": "sha512-d5o9tv0uIq/qOkA38ld1FAqSUgYvQ+GA0X+Z2JsuhGphn4RF3oOQcPtQU5I8vOhirQbKoHK4/1efqDmG+dNjtA==",
      "requires": {
        "glo-pareto-common": "^0.28.0",
        "pareto-core-internals": "^0.13.4"
      },
      "dependencies": {
        "glo-pareto-common": {
          "version": "0.28.0",
          "resolved": "https://registry.npmjs.org/glo-pareto-common/-/glo-pareto-common-0.28.0.tgz",
          "integrity": "sha512-OzcqY1vx65Pg7WnUQmQQsCk0ncoa/3YSVlL8cxT+pQR0weBYUixTWvU/npGI3nIehX0oYA41xw7mzkcSKqH/Vw==",
          "requires": {
            "pareto-core-types": "^0.12.0"
          }
        }
      }
    },
    "res-pareto-tostring": {
      "version": "0.32.0",
      "resolved": "https://registry.npmjs.org/res-pareto-tostring/-/res-pareto-tostring-0.32.0.tgz",
      "integrity": "sha512-8IXa4zqPF5NatdINM4LbtEhPTuGtybZl8YtQDw4NsnuGPjPh7k4Ovp90/0CaNR6ZP7snOJumZ6hXmNMUNTN5Uw==",
      "requires": {
        "glo-pareto-common": "^0.27.0",
        "pareto-core-internals": "^0.13.3"
      }
    }
  }
}
